
Microsoft Visual Studio Solution File, Format Version 12.00
# Visual Studio Version 16
VisualStudioVersion = 16.0.30517.126
MinimumVisualStudioVersion = 10.0.40219.1
Project("{FAE04EC0-301F-11D3-BF4B-00C04F79EFBC}") = "DesafioCore", "DesafioCore\DesafioCore.csproj", "{2D6FA7E9-30A1-4C06-A1E5-BD512B8DFE89}"
EndProject
Project("{FAE04EC0-301F-11D3-BF4B-00C04F79EFBC}") = "DesafioWeb", "DesafioWeb\DesafioWeb.csproj", "{10D1FEC1-099A-4CCB-B735-6ECCFDB201E9}"
EndProject
Global
	GlobalSection(SolutionConfigurationPlatforms) = preSolution
		Debug|Any CPU = Debug|Any CPU
		Release|Any CPU = Release|Any CPU
	EndGlobalSection
	GlobalSection(ProjectConfigurationPlatforms) = postSolution
		{2D6FA7E9-30A1-4C06-A1E5-BD512B8DFE89}.Debug|Any CPU.ActiveCfg = Debug|Any CPU
		{2D6FA7E9-30A1-4C06-A1E5-BD512B8DFE89}.Debug|Any CPU.Build.0 = Debug|Any CPU
		{2D6FA7E9-30A1-4C06-A1E5-BD512B8DFE89}.Release|Any CPU.ActiveCfg = Release|Any CPU
		{2D6FA7E9-30A1-4C06-A1E5-BD512B8DFE89}.Release|Any CPU.Build.0 = Release|Any CPU
		{10D1FEC1-099A-4CCB-B735-6ECCFDB201E9}.Debug|Any CPU.ActiveCfg = Debug|Any CPU
		{10D1FEC1-099A-4CCB-B735-6ECCFDB201E9}.Debug|Any CPU.Build.0 = Debug|Any CPU
		{10D1FEC1-099A-4CCB-B735-6ECCFDB201E9}.Release|Any CPU.ActiveCfg = Release|Any CPU
		{10D1FEC1-099A-4CCB-B735-6ECCFDB201E9}.Release|Any CPU.Build.0 = Release|Any CPU
	EndGlobalSection
	GlobalSection(SolutionProperties) = preSolution
		HideSolutionNode = FALSE
	EndGlobalSection
	GlobalSection(ExtensibilityGlobals) = postSolution
		SolutionGuid = {2C17757C-1C75-4DA9-A475-AD8C0FF4E19C}
	EndGlobalSection
EndGlobal
